
Microsoft Visual Studio Solution File, Format Version 12.00
# Visual Studio Version 17
VisualStudioVersion = 17.0.31903.59
MinimumVisualStudioVersion = 10.0.40219.1
Project("{2150E333-8FDC-42A3-9474-1A3956D46DE8}") = "services", "services", "{5854FF58-B8C5-05C6-5BF2-ACE42193F22B}"
EndProject
Project("{2150E333-8FDC-42A3-9474-1A3956D46DE8}") = "settlement", "settlement", "{620F2502-1DA6-5C35-37C5-878AC90D2673}"
EndProject
Project("{FAE04EC0-301F-11D3-BF4B-00C04F79EFBC}") = "settlement", "services\settlement\settlement.csproj", "{9FA65BBD-B75E-4D74-8023-914C22F1DD80}"
EndProject
Project("{FAE04EC0-301F-11D3-BF4B-00C04F79EFBC}") = "domain", "packages\domain\domain.csproj", "{9FE1F2C3-9B50-4EF7-9A60-0ADE4147BC4C}"
EndProject
Project("{FAE04EC0-301F-11D3-BF4B-00C04F79EFBC}") = "domain.Tests", "packages\domain\domain.Tests.csproj", "{657D7D91-AF78-4701-9A8A-EB5DA359ACDC}"
EndProject
Project("{FAE04EC0-301F-11D3-BF4B-00C04F79EFBC}") = "api-gateway", "apps\api-gateway\api-gateway.csproj", "{72EB5ED9-115C-4116-82A4-6D01BC46BB27}"
EndProject
Project("{FAE04EC0-301F-11D3-BF4B-00C04F79EFBC}") = "identity", "services\identity\identity.csproj", "{2876B659-163C-4F67-B80E-56D854B229EA}"
EndProject
Project("{FAE04EC0-301F-11D3-BF4B-00C04F79EFBC}") = "registry", "services\registry\registry.csproj", "{10EB4D35-2A02-45C6-AF13-D5BCDC719DEC}"
EndProject
Project("{FAE04EC0-301F-11D3-BF4B-00C04F79EFBC}") = "Org.OpenAPITools.Test", "packages\dotnet-clients\identity\src\Org.OpenAPITools.Test\Org.OpenAPITools.Test.csproj", "{E68A358E-B60D-428E-984E-7BF5F3C48807}"
EndProject
Project("{FAE04EC0-301F-11D3-BF4B-00C04F79EFBC}") = "registry.Tests", "services\registry\registry.Tests\registry.Tests.csproj", "{E6622715-51EB-41EE-8014-590310632D0C}"
EndProject
Project("{FAE04EC0-301F-11D3-BF4B-00C04F79EFBC}") = "Org.OpenAPITools", "packages\dotnet-clients\identity\src\Org.OpenAPITools\Org.OpenAPITools.csproj", "{ADCAE114-DAC2-4069-8A4D-F75B685DAC0B}"
EndProject
Project("{FAE04EC0-301F-11D3-BF4B-00C04F79EFBC}") = "issuance.Tests", "tests\issuance.Tests\issuance.Tests.csproj", "{90A5385E-9C3C-49EB-85E1-784297A34844}"
EndProject
Project("{FAE04EC0-301F-11D3-BF4B-00C04F79EFBC}") = "issuance", "services\issuance\issuance.csproj", "{6064C43D-7868-4947-8181-0B84AD9198D0}"
EndProject
Project("{FAE04EC0-301F-11D3-BF4B-00C04F79EFBC}") = "compliance.Tests", "services\compliance\compliance.Tests\compliance.Tests.csproj", "{8AB8922B-28B4-4C46-B14E-3D9BB155215D}"
EndProject
Project("{FAE04EC0-301F-11D3-BF4B-00C04F79EFBC}") = "compliance", "services\compliance\compliance.csproj", "{AD545110-EEA0-493E-BDCC-18F66DBB3273}"
EndProject
Project("{FAE04EC0-301F-11D3-BF4B-00C04F79EFBC}") = "bank-nominal", "services\integrations\bank-nominal\bank-nominal.csproj", "{17878188-3C7B-419E-AE66-91E12AA0EC79}"
EndProject
Project("{2150E333-8FDC-42A3-9474-1A3956D46DE8}") = "packages", "packages", "{809F86A1-1C4C-B159-0CD4-DF9D33D876CE}"
EndProject
Project("{2150E333-8FDC-42A3-9474-1A3956D46DE8}") = "dotnet-clients", "dotnet-clients", "{2218031F-56C4-3B0A-DA76-54C04AC0AD94}"
EndProject
Project("{2150E333-8FDC-42A3-9474-1A3956D46DE8}") = "gateway", "gateway", "{291089DC-97DB-F10A-C97A-544E7FB27BFB}"
EndProject
Project("{2150E333-8FDC-42A3-9474-1A3956D46DE8}") = "src", "src", "{9BD92C06-8236-2A55-EF0E-C07A71F454A6}"
EndProject
Project("{FAE04EC0-301F-11D3-BF4B-00C04F79EFBC}") = "Org.OpenAPITools", "packages\dotnet-clients\gateway\src\Org.OpenAPITools\Org.OpenAPITools.csproj", "{DE7848DD-1631-4B8F-BDA5-CCA1B133688A}"
EndProject
Project("{FAE04EC0-301F-11D3-BF4B-00C04F79EFBC}") = "Org.OpenAPITools.Test", "packages\dotnet-clients\gateway\src\Org.OpenAPITools.Test\Org.OpenAPITools.Test.csproj", "{E6E311E6-7A20-4570-83FD-ABA242D46C28}"
EndProject
Global
	GlobalSection(SolutionConfigurationPlatforms) = preSolution
		Debug|Any CPU = Debug|Any CPU
		Debug|x64 = Debug|x64
		Debug|x86 = Debug|x86
		Release|Any CPU = Release|Any CPU
		Release|x64 = Release|x64
		Release|x86 = Release|x86
	EndGlobalSection
	GlobalSection(ProjectConfigurationPlatforms) = postSolution
		{9FA65BBD-B75E-4D74-8023-914C22F1DD80}.Debug|Any CPU.ActiveCfg = Debug|Any CPU
		{9FA65BBD-B75E-4D74-8023-914C22F1DD80}.Debug|Any CPU.Build.0 = Debug|Any CPU
		{9FA65BBD-B75E-4D74-8023-914C22F1DD80}.Debug|x64.ActiveCfg = Debug|Any CPU
		{9FA65BBD-B75E-4D74-8023-914C22F1DD80}.Debug|x64.Build.0 = Debug|Any CPU
		{9FA65BBD-B75E-4D74-8023-914C22F1DD80}.Debug|x86.ActiveCfg = Debug|Any CPU
		{9FA65BBD-B75E-4D74-8023-914C22F1DD80}.Debug|x86.Build.0 = Debug|Any CPU
		{9FA65BBD-B75E-4D74-8023-914C22F1DD80}.Release|Any CPU.ActiveCfg = Release|Any CPU
		{9FA65BBD-B75E-4D74-8023-914C22F1DD80}.Release|Any CPU.Build.0 = Release|Any CPU
		{9FA65BBD-B75E-4D74-8023-914C22F1DD80}.Release|x64.ActiveCfg = Release|Any CPU
		{9FA65BBD-B75E-4D74-8023-914C22F1DD80}.Release|x64.Build.0 = Release|Any CPU
		{9FA65BBD-B75E-4D74-8023-914C22F1DD80}.Release|x86.ActiveCfg = Release|Any CPU
		{9FA65BBD-B75E-4D74-8023-914C22F1DD80}.Release|x86.Build.0 = Release|Any CPU
		{9FE1F2C3-9B50-4EF7-9A60-0ADE4147BC4C}.Debug|Any CPU.ActiveCfg = Debug|Any CPU
		{9FE1F2C3-9B50-4EF7-9A60-0ADE4147BC4C}.Debug|Any CPU.Build.0 = Debug|Any CPU
		{9FE1F2C3-9B50-4EF7-9A60-0ADE4147BC4C}.Debug|x64.ActiveCfg = Debug|Any CPU
		{9FE1F2C3-9B50-4EF7-9A60-0ADE4147BC4C}.Debug|x64.Build.0 = Debug|Any CPU
		{9FE1F2C3-9B50-4EF7-9A60-0ADE4147BC4C}.Debug|x86.ActiveCfg = Debug|Any CPU
		{9FE1F2C3-9B50-4EF7-9A60-0ADE4147BC4C}.Debug|x86.Build.0 = Debug|Any CPU
		{9FE1F2C3-9B50-4EF7-9A60-0ADE4147BC4C}.Release|Any CPU.ActiveCfg = Release|Any CPU
		{9FE1F2C3-9B50-4EF7-9A60-0ADE4147BC4C}.Release|Any CPU.Build.0 = Release|Any CPU
		{9FE1F2C3-9B50-4EF7-9A60-0ADE4147BC4C}.Release|x64.ActiveCfg = Release|Any CPU
		{9FE1F2C3-9B50-4EF7-9A60-0ADE4147BC4C}.Release|x64.Build.0 = Release|Any CPU
		{9FE1F2C3-9B50-4EF7-9A60-0ADE4147BC4C}.Release|x86.ActiveCfg = Release|Any CPU
		{9FE1F2C3-9B50-4EF7-9A60-0ADE4147BC4C}.Release|x86.Build.0 = Release|Any CPU
		{657D7D91-AF78-4701-9A8A-EB5DA359ACDC}.Debug|Any CPU.ActiveCfg = Debug|Any CPU
		{657D7D91-AF78-4701-9A8A-EB5DA359ACDC}.Debug|Any CPU.Build.0 = Debug|Any CPU
		{657D7D91-AF78-4701-9A8A-EB5DA359ACDC}.Debug|x64.ActiveCfg = Debug|Any CPU
		{657D7D91-AF78-4701-9A8A-EB5DA359ACDC}.Debug|x64.Build.0 = Debug|Any CPU
		{657D7D91-AF78-4701-9A8A-EB5DA359ACDC}.Debug|x86.ActiveCfg = Debug|Any CPU
		{657D7D91-AF78-4701-9A8A-EB5DA359ACDC}.Debug|x86.Build.0 = Debug|Any CPU
		{657D7D91-AF78-4701-9A8A-EB5DA359ACDC}.Release|Any CPU.ActiveCfg = Release|Any CPU
		{657D7D91-AF78-4701-9A8A-EB5DA359ACDC}.Release|Any CPU.Build.0 = Release|Any CPU
		{657D7D91-AF78-4701-9A8A-EB5DA359ACDC}.Release|x64.ActiveCfg = Release|Any CPU
		{657D7D91-AF78-4701-9A8A-EB5DA359ACDC}.Release|x64.Build.0 = Release|Any CPU
		{657D7D91-AF78-4701-9A8A-EB5DA359ACDC}.Release|x86.ActiveCfg = Release|Any CPU
		{657D7D91-AF78-4701-9A8A-EB5DA359ACDC}.Release|x86.Build.0 = Release|Any CPU
		{72EB5ED9-115C-4116-82A4-6D01BC46BB27}.Debug|Any CPU.ActiveCfg = Debug|Any CPU
		{72EB5ED9-115C-4116-82A4-6D01BC46BB27}.Debug|Any CPU.Build.0 = Debug|Any CPU
		{72EB5ED9-115C-4116-82A4-6D01BC46BB27}.Debug|x64.ActiveCfg = Debug|Any CPU
		{72EB5ED9-115C-4116-82A4-6D01BC46BB27}.Debug|x64.Build.0 = Debug|Any CPU
		{72EB5ED9-115C-4116-82A4-6D01BC46BB27}.Debug|x86.ActiveCfg = Debug|Any CPU
		{72EB5ED9-115C-4116-82A4-6D01BC46BB27}.Debug|x86.Build.0 = Debug|Any CPU
		{72EB5ED9-115C-4116-82A4-6D01BC46BB27}.Release|Any CPU.ActiveCfg = Release|Any CPU
		{72EB5ED9-115C-4116-82A4-6D01BC46BB27}.Release|Any CPU.Build.0 = Release|Any CPU
		{72EB5ED9-115C-4116-82A4-6D01BC46BB27}.Release|x64.ActiveCfg = Release|Any CPU
		{72EB5ED9-115C-4116-82A4-6D01BC46BB27}.Release|x64.Build.0 = Release|Any CPU
		{72EB5ED9-115C-4116-82A4-6D01BC46BB27}.Release|x86.ActiveCfg = Release|Any CPU
		{72EB5ED9-115C-4116-82A4-6D01BC46BB27}.Release|x86.Build.0 = Release|Any CPU
		{2876B659-163C-4F67-B80E-56D854B229EA}.Debug|Any CPU.ActiveCfg = Debug|Any CPU
		{2876B659-163C-4F67-B80E-56D854B229EA}.Debug|Any CPU.Build.0 = Debug|Any CPU
		{2876B659-163C-4F67-B80E-56D854B229EA}.Debug|x64.ActiveCfg = Debug|Any CPU
		{2876B659-163C-4F67-B80E-56D854B229EA}.Debug|x64.Build.0 = Debug|Any CPU
		{2876B659-163C-4F67-B80E-56D854B229EA}.Debug|x86.ActiveCfg = Debug|Any CPU
		{2876B659-163C-4F67-B80E-56D854B229EA}.Debug|x86.Build.0 = Debug|Any CPU
		{2876B659-163C-4F67-B80E-56D854B229EA}.Release|Any CPU.ActiveCfg = Release|Any CPU
		{2876B659-163C-4F67-B80E-56D854B229EA}.Release|Any CPU.Build.0 = Release|Any CPU
		{2876B659-163C-4F67-B80E-56D854B229EA}.Release|x64.ActiveCfg = Release|Any CPU
		{2876B659-163C-4F67-B80E-56D854B229EA}.Release|x64.Build.0 = Release|Any CPU
		{2876B659-163C-4F67-B80E-56D854B229EA}.Release|x86.ActiveCfg = Release|Any CPU
		{2876B659-163C-4F67-B80E-56D854B229EA}.Release|x86.Build.0 = Release|Any CPU
		{10EB4D35-2A02-45C6-AF13-D5BCDC719DEC}.Debug|Any CPU.ActiveCfg = Debug|Any CPU
		{10EB4D35-2A02-45C6-AF13-D5BCDC719DEC}.Debug|Any CPU.Build.0 = Debug|Any CPU
		{10EB4D35-2A02-45C6-AF13-D5BCDC719DEC}.Debug|x64.ActiveCfg = Debug|Any CPU
		{10EB4D35-2A02-45C6-AF13-D5BCDC719DEC}.Debug|x64.Build.0 = Debug|Any CPU
		{10EB4D35-2A02-45C6-AF13-D5BCDC719DEC}.Debug|x86.ActiveCfg = Debug|Any CPU
		{10EB4D35-2A02-45C6-AF13-D5BCDC719DEC}.Debug|x86.Build.0 = Debug|Any CPU
		{10EB4D35-2A02-45C6-AF13-D5BCDC719DEC}.Release|Any CPU.ActiveCfg = Release|Any CPU
		{10EB4D35-2A02-45C6-AF13-D5BCDC719DEC}.Release|Any CPU.Build.0 = Release|Any CPU
		{10EB4D35-2A02-45C6-AF13-D5BCDC719DEC}.Release|x64.ActiveCfg = Release|Any CPU
		{10EB4D35-2A02-45C6-AF13-D5BCDC719DEC}.Release|x64.Build.0 = Release|Any CPU
		{10EB4D35-2A02-45C6-AF13-D5BCDC719DEC}.Release|x86.ActiveCfg = Release|Any CPU
		{10EB4D35-2A02-45C6-AF13-D5BCDC719DEC}.Release|x86.Build.0 = Release|Any CPU
		{E68A358E-B60D-428E-984E-7BF5F3C48807}.Debug|Any CPU.ActiveCfg = Debug|Any CPU
		{E68A358E-B60D-428E-984E-7BF5F3C48807}.Debug|Any CPU.Build.0 = Debug|Any CPU
		{E68A358E-B60D-428E-984E-7BF5F3C48807}.Debug|x64.ActiveCfg = Debug|Any CPU
		{E68A358E-B60D-428E-984E-7BF5F3C48807}.Debug|x64.Build.0 = Debug|Any CPU
		{E68A358E-B60D-428E-984E-7BF5F3C48807}.Debug|x86.ActiveCfg = Debug|Any CPU
		{E68A358E-B60D-428E-984E-7BF5F3C48807}.Debug|x86.Build.0 = Debug|Any CPU
		{E68A358E-B60D-428E-984E-7BF5F3C48807}.Release|Any CPU.ActiveCfg = Release|Any CPU
		{E68A358E-B60D-428E-984E-7BF5F3C48807}.Release|Any CPU.Build.0 = Release|Any CPU
		{E68A358E-B60D-428E-984E-7BF5F3C48807}.Release|x64.ActiveCfg = Release|Any CPU
		{E68A358E-B60D-428E-984E-7BF5F3C48807}.Release|x64.Build.0 = Release|Any CPU
		{E68A358E-B60D-428E-984E-7BF5F3C48807}.Release|x86.ActiveCfg = Release|Any CPU
		{E68A358E-B60D-428E-984E-7BF5F3C48807}.Release|x86.Build.0 = Release|Any CPU
		{E6622715-51EB-41EE-8014-590310632D0C}.Debug|Any CPU.ActiveCfg = Debug|Any CPU
		{E6622715-51EB-41EE-8014-590310632D0C}.Debug|Any CPU.Build.0 = Debug|Any CPU
		{E6622715-51EB-41EE-8014-590310632D0C}.Debug|x64.ActiveCfg = Debug|Any CPU
		{E6622715-51EB-41EE-8014-590310632D0C}.Debug|x64.Build.0 = Debug|Any CPU
		{E6622715-51EB-41EE-8014-590310632D0C}.Debug|x86.ActiveCfg = Debug|Any CPU
		{E6622715-51EB-41EE-8014-590310632D0C}.Debug|x86.Build.0 = Debug|Any CPU
		{E6622715-51EB-41EE-8014-590310632D0C}.Release|Any CPU.ActiveCfg = Release|Any CPU
		{E6622715-51EB-41EE-8014-590310632D0C}.Release|Any CPU.Build.0 = Release|Any CPU
		{E6622715-51EB-41EE-8014-590310632D0C}.Release|x64.ActiveCfg = Release|Any CPU
		{E6622715-51EB-41EE-8014-590310632D0C}.Release|x64.Build.0 = Release|Any CPU
		{E6622715-51EB-41EE-8014-590310632D0C}.Release|x86.ActiveCfg = Release|Any CPU
		{E6622715-51EB-41EE-8014-590310632D0C}.Release|x86.Build.0 = Release|Any CPU
		{ADCAE114-DAC2-4069-8A4D-F75B685DAC0B}.Debug|Any CPU.ActiveCfg = Debug|Any CPU
		{ADCAE114-DAC2-4069-8A4D-F75B685DAC0B}.Debug|Any CPU.Build.0 = Debug|Any CPU
		{ADCAE114-DAC2-4069-8A4D-F75B685DAC0B}.Debug|x64.ActiveCfg = Debug|Any CPU
		{ADCAE114-DAC2-4069-8A4D-F75B685DAC0B}.Debug|x64.Build.0 = Debug|Any CPU
		{ADCAE114-DAC2-4069-8A4D-F75B685DAC0B}.Debug|x86.ActiveCfg = Debug|Any CPU
		{ADCAE114-DAC2-4069-8A4D-F75B685DAC0B}.Debug|x86.Build.0 = Debug|Any CPU
		{ADCAE114-DAC2-4069-8A4D-F75B685DAC0B}.Release|Any CPU.ActiveCfg = Release|Any CPU
		{ADCAE114-DAC2-4069-8A4D-F75B685DAC0B}.Release|Any CPU.Build.0 = Release|Any CPU
		{ADCAE114-DAC2-4069-8A4D-F75B685DAC0B}.Release|x64.ActiveCfg = Release|Any CPU
		{ADCAE114-DAC2-4069-8A4D-F75B685DAC0B}.Release|x64.Build.0 = Release|Any CPU
		{ADCAE114-DAC2-4069-8A4D-F75B685DAC0B}.Release|x86.ActiveCfg = Release|Any CPU
		{ADCAE114-DAC2-4069-8A4D-F75B685DAC0B}.Release|x86.Build.0 = Release|Any CPU
		{90A5385E-9C3C-49EB-85E1-784297A34844}.Debug|Any CPU.ActiveCfg = Debug|Any CPU
		{90A5385E-9C3C-49EB-85E1-784297A34844}.Debug|Any CPU.Build.0 = Debug|Any CPU
		{90A5385E-9C3C-49EB-85E1-784297A34844}.Debug|x64.ActiveCfg = Debug|Any CPU
		{90A5385E-9C3C-49EB-85E1-784297A34844}.Debug|x64.Build.0 = Debug|Any CPU
		{90A5385E-9C3C-49EB-85E1-784297A34844}.Debug|x86.ActiveCfg = Debug|Any CPU
		{90A5385E-9C3C-49EB-85E1-784297A34844}.Debug|x86.Build.0 = Debug|Any CPU
		{90A5385E-9C3C-49EB-85E1-784297A34844}.Release|Any CPU.ActiveCfg = Release|Any CPU
		{90A5385E-9C3C-49EB-85E1-784297A34844}.Release|Any CPU.Build.0 = Release|Any CPU
		{90A5385E-9C3C-49EB-85E1-784297A34844}.Release|x64.ActiveCfg = Release|Any CPU
		{90A5385E-9C3C-49EB-85E1-784297A34844}.Release|x64.Build.0 = Release|Any CPU
		{90A5385E-9C3C-49EB-85E1-784297A34844}.Release|x86.ActiveCfg = Release|Any CPU
		{90A5385E-9C3C-49EB-85E1-784297A34844}.Release|x86.Build.0 = Release|Any CPU
		{6064C43D-7868-4947-8181-0B84AD9198D0}.Debug|Any CPU.ActiveCfg = Debug|Any CPU
		{6064C43D-7868-4947-8181-0B84AD9198D0}.Debug|Any CPU.Build.0 = Debug|Any CPU
		{6064C43D-7868-4947-8181-0B84AD9198D0}.Debug|x64.ActiveCfg = Debug|Any CPU
		{6064C43D-7868-4947-8181-0B84AD9198D0}.Debug|x64.Build.0 = Debug|Any CPU
		{6064C43D-7868-4947-8181-0B84AD9198D0}.Debug|x86.ActiveCfg = Debug|Any CPU
		{6064C43D-7868-4947-8181-0B84AD9198D0}.Debug|x86.Build.0 = Debug|Any CPU
		{6064C43D-7868-4947-8181-0B84AD9198D0}.Release|Any CPU.ActiveCfg = Release|Any CPU
		{6064C43D-7868-4947-8181-0B84AD9198D0}.Release|Any CPU.Build.0 = Release|Any CPU
		{6064C43D-7868-4947-8181-0B84AD9198D0}.Release|x64.ActiveCfg = Release|Any CPU
		{6064C43D-7868-4947-8181-0B84AD9198D0}.Release|x64.Build.0 = Release|Any CPU
		{6064C43D-7868-4947-8181-0B84AD9198D0}.Release|x86.ActiveCfg = Release|Any CPU
		{6064C43D-7868-4947-8181-0B84AD9198D0}.Release|x86.Build.0 = Release|Any CPU
		{8AB8922B-28B4-4C46-B14E-3D9BB155215D}.Debug|Any CPU.ActiveCfg = Debug|Any CPU
		{8AB8922B-28B4-4C46-B14E-3D9BB155215D}.Debug|Any CPU.Build.0 = Debug|Any CPU
		{8AB8922B-28B4-4C46-B14E-3D9BB155215D}.Debug|x64.ActiveCfg = Debug|Any CPU
		{8AB8922B-28B4-4C46-B14E-3D9BB155215D}.Debug|x64.Build.0 = Debug|Any CPU
		{8AB8922B-28B4-4C46-B14E-3D9BB155215D}.Debug|x86.ActiveCfg = Debug|Any CPU
		{8AB8922B-28B4-4C46-B14E-3D9BB155215D}.Debug|x86.Build.0 = Debug|Any CPU
		{8AB8922B-28B4-4C46-B14E-3D9BB155215D}.Release|Any CPU.ActiveCfg = Release|Any CPU
		{8AB8922B-28B4-4C46-B14E-3D9BB155215D}.Release|Any CPU.Build.0 = Release|Any CPU
		{8AB8922B-28B4-4C46-B14E-3D9BB155215D}.Release|x64.ActiveCfg = Release|Any CPU
		{8AB8922B-28B4-4C46-B14E-3D9BB155215D}.Release|x64.Build.0 = Release|Any CPU
		{8AB8922B-28B4-4C46-B14E-3D9BB155215D}.Release|x86.ActiveCfg = Release|Any CPU
		{8AB8922B-28B4-4C46-B14E-3D9BB155215D}.Release|x86.Build.0 = Release|Any CPU
		{AD545110-EEA0-493E-BDCC-18F66DBB3273}.Debug|Any CPU.ActiveCfg = Debug|Any CPU
		{AD545110-EEA0-493E-BDCC-18F66DBB3273}.Debug|Any CPU.Build.0 = Debug|Any CPU
		{AD545110-EEA0-493E-BDCC-18F66DBB3273}.Debug|x64.ActiveCfg = Debug|Any CPU
		{AD545110-EEA0-493E-BDCC-18F66DBB3273}.Debug|x64.Build.0 = Debug|Any CPU
		{AD545110-EEA0-493E-BDCC-18F66DBB3273}.Debug|x86.ActiveCfg = Debug|Any CPU
		{AD545110-EEA0-493E-BDCC-18F66DBB3273}.Debug|x86.Build.0 = Debug|Any CPU
		{AD545110-EEA0-493E-BDCC-18F66DBB3273}.Release|Any CPU.ActiveCfg = Release|Any CPU
		{AD545110-EEA0-493E-BDCC-18F66DBB3273}.Release|Any CPU.Build.0 = Release|Any CPU
		{AD545110-EEA0-493E-BDCC-18F66DBB3273}.Release|x64.ActiveCfg = Release|Any CPU
		{AD545110-EEA0-493E-BDCC-18F66DBB3273}.Release|x64.Build.0 = Release|Any CPU
		{AD545110-EEA0-493E-BDCC-18F66DBB3273}.Release|x86.ActiveCfg = Release|Any CPU
		{AD545110-EEA0-493E-BDCC-18F66DBB3273}.Release|x86.Build.0 = Release|Any CPU
		{17878188-3C7B-419E-AE66-91E12AA0EC79}.Debug|Any CPU.ActiveCfg = Debug|Any CPU
		{17878188-3C7B-419E-AE66-91E12AA0EC79}.Debug|Any CPU.Build.0 = Debug|Any CPU
		{17878188-3C7B-419E-AE66-91E12AA0EC79}.Debug|x64.ActiveCfg = Debug|Any CPU
		{17878188-3C7B-419E-AE66-91E12AA0EC79}.Debug|x64.Build.0 = Debug|Any CPU
		{17878188-3C7B-419E-AE66-91E12AA0EC79}.Debug|x86.ActiveCfg = Debug|Any CPU
		{17878188-3C7B-419E-AE66-91E12AA0EC79}.Debug|x86.Build.0 = Debug|Any CPU
		{17878188-3C7B-419E-AE66-91E12AA0EC79}.Release|Any CPU.ActiveCfg = Release|Any CPU
		{17878188-3C7B-419E-AE66-91E12AA0EC79}.Release|Any CPU.Build.0 = Release|Any CPU
		{17878188-3C7B-419E-AE66-91E12AA0EC79}.Release|x64.ActiveCfg = Release|Any CPU
		{17878188-3C7B-419E-AE66-91E12AA0EC79}.Release|x64.Build.0 = Release|Any CPU
		{17878188-3C7B-419E-AE66-91E12AA0EC79}.Release|x86.ActiveCfg = Release|Any CPU
		{17878188-3C7B-419E-AE66-91E12AA0EC79}.Release|x86.Build.0 = Release|Any CPU
		{DE7848DD-1631-4B8F-BDA5-CCA1B133688A}.Debug|Any CPU.ActiveCfg = Debug|Any CPU
		{DE7848DD-1631-4B8F-BDA5-CCA1B133688A}.Debug|Any CPU.Build.0 = Debug|Any CPU
		{DE7848DD-1631-4B8F-BDA5-CCA1B133688A}.Debug|x64.ActiveCfg = Debug|Any CPU
		{DE7848DD-1631-4B8F-BDA5-CCA1B133688A}.Debug|x64.Build.0 = Debug|Any CPU
		{DE7848DD-1631-4B8F-BDA5-CCA1B133688A}.Debug|x86.ActiveCfg = Debug|Any CPU
		{DE7848DD-1631-4B8F-BDA5-CCA1B133688A}.Debug|x86.Build.0 = Debug|Any CPU
		{DE7848DD-1631-4B8F-BDA5-CCA1B133688A}.Release|Any CPU.ActiveCfg = Release|Any CPU
		{DE7848DD-1631-4B8F-BDA5-CCA1B133688A}.Release|Any CPU.Build.0 = Release|Any CPU
		{DE7848DD-1631-4B8F-BDA5-CCA1B133688A}.Release|x64.ActiveCfg = Release|Any CPU
		{DE7848DD-1631-4B8F-BDA5-CCA1B133688A}.Release|x64.Build.0 = Release|Any CPU
		{DE7848DD-1631-4B8F-BDA5-CCA1B133688A}.Release|x86.ActiveCfg = Release|Any CPU
		{DE7848DD-1631-4B8F-BDA5-CCA1B133688A}.Release|x86.Build.0 = Release|Any CPU
		{E6E311E6-7A20-4570-83FD-ABA242D46C28}.Debug|Any CPU.ActiveCfg = Debug|Any CPU
		{E6E311E6-7A20-4570-83FD-ABA242D46C28}.Debug|Any CPU.Build.0 = Debug|Any CPU
		{E6E311E6-7A20-4570-83FD-ABA242D46C28}.Debug|x64.ActiveCfg = Debug|Any CPU
		{E6E311E6-7A20-4570-83FD-ABA242D46C28}.Debug|x64.Build.0 = Debug|Any CPU
		{E6E311E6-7A20-4570-83FD-ABA242D46C28}.Debug|x86.ActiveCfg = Debug|Any CPU
		{E6E311E6-7A20-4570-83FD-ABA242D46C28}.Debug|x86.Build.0 = Debug|Any CPU
		{E6E311E6-7A20-4570-83FD-ABA242D46C28}.Release|Any CPU.ActiveCfg = Release|Any CPU
		{E6E311E6-7A20-4570-83FD-ABA242D46C28}.Release|Any CPU.Build.0 = Release|Any CPU
		{E6E311E6-7A20-4570-83FD-ABA242D46C28}.Release|x64.ActiveCfg = Release|Any CPU
		{E6E311E6-7A20-4570-83FD-ABA242D46C28}.Release|x64.Build.0 = Release|Any CPU
		{E6E311E6-7A20-4570-83FD-ABA242D46C28}.Release|x86.ActiveCfg = Release|Any CPU
		{E6E311E6-7A20-4570-83FD-ABA242D46C28}.Release|x86.Build.0 = Release|Any CPU
	EndGlobalSection
	GlobalSection(SolutionProperties) = preSolution
		HideSolutionNode = FALSE
	EndGlobalSection
	GlobalSection(NestedProjects) = preSolution
		{620F2502-1DA6-5C35-37C5-878AC90D2673} = {5854FF58-B8C5-05C6-5BF2-ACE42193F22B}
		{9FA65BBD-B75E-4D74-8023-914C22F1DD80} = {620F2502-1DA6-5C35-37C5-878AC90D2673}
		{9FE1F2C3-9B50-4EF7-9A60-0ADE4147BC4C} = {620F2502-1DA6-5C35-37C5-878AC90D2673}
		{657D7D91-AF78-4701-9A8A-EB5DA359ACDC} = {620F2502-1DA6-5C35-37C5-878AC90D2673}
		{72EB5ED9-115C-4116-82A4-6D01BC46BB27} = {620F2502-1DA6-5C35-37C5-878AC90D2673}
		{2876B659-163C-4F67-B80E-56D854B229EA} = {620F2502-1DA6-5C35-37C5-878AC90D2673}
		{10EB4D35-2A02-45C6-AF13-D5BCDC719DEC} = {620F2502-1DA6-5C35-37C5-878AC90D2673}
		{E68A358E-B60D-428E-984E-7BF5F3C48807} = {620F2502-1DA6-5C35-37C5-878AC90D2673}
		{E6622715-51EB-41EE-8014-590310632D0C} = {620F2502-1DA6-5C35-37C5-878AC90D2673}
		{ADCAE114-DAC2-4069-8A4D-F75B685DAC0B} = {620F2502-1DA6-5C35-37C5-878AC90D2673}
		{90A5385E-9C3C-49EB-85E1-784297A34844} = {620F2502-1DA6-5C35-37C5-878AC90D2673}
		{6064C43D-7868-4947-8181-0B84AD9198D0} = {620F2502-1DA6-5C35-37C5-878AC90D2673}
		{8AB8922B-28B4-4C46-B14E-3D9BB155215D} = {620F2502-1DA6-5C35-37C5-878AC90D2673}
		{AD545110-EEA0-493E-BDCC-18F66DBB3273} = {620F2502-1DA6-5C35-37C5-878AC90D2673}
		{17878188-3C7B-419E-AE66-91E12AA0EC79} = {620F2502-1DA6-5C35-37C5-878AC90D2673}
		{2218031F-56C4-3B0A-DA76-54C04AC0AD94} = {809F86A1-1C4C-B159-0CD4-DF9D33D876CE}
		{291089DC-97DB-F10A-C97A-544E7FB27BFB} = {2218031F-56C4-3B0A-DA76-54C04AC0AD94}
		{9BD92C06-8236-2A55-EF0E-C07A71F454A6} = {291089DC-97DB-F10A-C97A-544E7FB27BFB}
		{DE7848DD-1631-4B8F-BDA5-CCA1B133688A} = {9BD92C06-8236-2A55-EF0E-C07A71F454A6}
		{E6E311E6-7A20-4570-83FD-ABA242D46C28} = {9BD92C06-8236-2A55-EF0E-C07A71F454A6}
	EndGlobalSection
EndGlobal
